
Microsoft Visual Studio Solution File, Format Version 12.00
# Visual Studio Version 16
VisualStudioVersion = 16.0.31019.35
MinimumVisualStudioVersion = 10.0.40219.1
Project("{FAE04EC0-301F-11D3-BF4B-00C04F79EFBC}") = "MecPlastikEF", "MecPlastikEF\MecPlastikEF.csproj", "{9C0BEB5C-B63D-46AB-A626-A427ED8C6EBC}"
EndProject
Global
	GlobalSection(SolutionConfigurationPlatforms) = preSolution
		Debug|Any CPU = Debug|Any CPU
		Release|Any CPU = Release|Any CPU
	EndGlobalSection
	GlobalSection(ProjectConfigurationPlatforms) = postSolution
		{9C0BEB5C-B63D-46AB-A626-A427ED8C6EBC}.Debug|Any CPU.ActiveCfg = Debug|Any CPU
		{9C0BEB5C-B63D-46AB-A626-A427ED8C6EBC}.Debug|Any CPU.Build.0 = Debug|Any CPU
		{9C0BEB5C-B63D-46AB-A626-A427ED8C6EBC}.Release|Any CPU.ActiveCfg = Release|Any CPU
		{9C0BEB5C-B63D-46AB-A626-A427ED8C6EBC}.Release|Any CPU.Build.0 = Release|Any CPU
	EndGlobalSection
	GlobalSection(SolutionProperties) = preSolution
		HideSolutionNode = FALSE
	EndGlobalSection
	GlobalSection(ExtensibilityGlobals) = postSolution
		SolutionGuid = {0E8A7AC3-F201-4252-9C45-D2DBC5A6B227}
	EndGlobalSection
EndGlobal
